# THIS IS AN AUTOGENERATED FILE. DO NOT EDIT THIS FILE DIRECTLY.
# yarn lockfile v1

lodash@^4.17.21:
  version "4.17.21"
  resolved "https://registry.yarnpkg.com/lodash/-/lodash-4.17.21.tgz"
  integrity sha512-v2kDEe57lecTulaDIuNTPy3Ry4gLGJ6Z1O3vE1krgXZNrsQ+LFTGHVxVjcXPs17LhbZVGedAJv8XZ1tvj5FvSg==

react@^17.0.2:
  version "17.0.2"
  resolved "https://registry.yarnpkg.com/react/-/react-17.0.2.tgz"
  integrity sha512-+3QI/+X9Wn8iak/Yd6F5+L4gJn7MtV0F/7Jj9DQ+gk5w+3vGJFTo/0XZ6NRuNw2DcDj0zS3s9gkKwSjEiLx6Q==
  dependencies:
    loose-envify "^1.1.0"
    object-assign "^4.1.1"

react-dom@^17.0.2:
  version "17.0.2"
  resolved "https://registry.yarnpkg.com/react-dom/-/react-dom-17.0.2.tgz"
  integrity sha512-+3QI/+X9Wn8iak/Yd6F5+L4gJn7MtV0F/7Jj9DQ+gk5w+3vGJFTo/0XZ6NRuNw2DcDj0zS3s9gkKwSjEiLx6Q==
  dependencies:
    loose-envify "^1.1.0"
    object-assign "^4.1.1"

